# This file is generated by running "yarn install" inside your project.
# Manual changes might be lost - proceed with caution!

__metadata:
  version: 8
  cacheKey: 10c0

"common@workspace:packages/common":
  version: 0.0.0-use.local
  resolution: "common@workspace:packages/common"
  languageName: unknown
  linkType: soft

"frontend@workspace:packages/frontend":
  version: 0.0.0-use.local
  resolution: "frontend@workspace:packages/frontend"
  dependencies:
    typescript: "npm:^5.5.3"
  languageName: unknown
  linkType: soft

"prettier@npm:^3.3.2":
  version: 3.3.2
  resolution: "prettier@npm:3.3.2"
  bin:
    prettier: bin/prettier.cjs
  checksum: 10c0/39ed27d17f0238da6dd6571d63026566bd790d3d0edac57c285fbab525982060c8f1e01955fe38134ab10f0951a6076da37f015db8173c02f14bc7f0803a384c
  languageName: node
  linkType: hard

"repro@workspace:.":
  version: 0.0.0-use.local
  resolution: "repro@workspace:."
  dependencies:
    prettier: "npm:^3.3.2"
    typescript: "npm:5.4.3"
  languageName: unknown
  linkType: soft

"typescript@npm:5.4.3":
  version: 5.4.3
  resolution: "typescript@npm:5.4.3"
  bin:
    tsc: bin/tsc
    tsserver: bin/tsserver
  checksum: 10c0/22443a8760c3668e256c0b34b6b45c359ef6cecc10c42558806177a7d500ab1a7d7aac1f976d712e26989ddf6731d2fbdd3212b7c73290a45127c1c43ba2005a
  languageName: node
  linkType: hard

"typescript@npm:^5.5.3":
  version: 5.5.3
  resolution: "typescript@npm:5.5.3"
  bin:
    tsc: bin/tsc
    tsserver: bin/tsserver
  checksum: 10c0/f52c71ccbc7080b034b9d3b72051d563601a4815bf3e39ded188e6ce60813f75dbedf11ad15dd4d32a12996a9ed8c7155b46c93a9b9c9bad1049766fe614bbdd
  languageName: node
  linkType: hard

"typescript@patch:typescript@npm%3A5.4.3#optional!builtin<compat/typescript>":
  version: 5.4.3
  resolution: "typescript@patch:typescript@npm%3A5.4.3#optional!builtin<compat/typescript>::version=5.4.3&hash=5adc0c"
  bin:
    tsc: bin/tsc
    tsserver: bin/tsserver
  checksum: 10c0/6e51f8b7e6ec55b897b9e56b67e864fe8f44e30f4a14357aad5dc0f7432db2f01efc0522df0b6c36d361c51f2dc3dcac5c832efd96a404cfabf884e915d38828
  languageName: node
  linkType: hard

"typescript@patch:typescript@npm%3A^5.5.3#optional!builtin<compat/typescript>":
  version: 5.5.3
  resolution: "typescript@patch:typescript@npm%3A5.5.3#optional!builtin<compat/typescript>::version=5.5.3&hash=b45daf"
  bin:
    tsc: bin/tsc
    tsserver: bin/tsserver
  checksum: 10c0/5a437c416251334deeaf29897157032311f3f126547cfdc4b133768b606cb0e62bcee733bb97cf74c42fe7268801aea1392d8e40988cdef112e9546eba4c03c5
  languageName: node
  linkType: hard
